$begin 'ConnectionParameters'
	DesktopProcessID=20364
	DesktopProcessPath='C:\\Program Files\\AnsysEM\\AnsysEM20.1\\Win64\\ansysedt.exe'
	LaunchedByWB=false
	$begin 'DesktopStubBlock'
		$begin 'CommDetails'
			TransportType=1
			IPAddress='192.168.1.2'
			ListenPort='63341'
		$end 'CommDetails'
		$begin 'Marshall'
			InstanceID=503
			ProcID=20364
			InterfaceID=1
			FactoryIntID='DesktopInterfaceForWBProxyStubFactory'
		$end 'Marshall'
	$end 'DesktopStubBlock'
	$begin 'DesktopBackgroundObjStubBlock'
		$begin 'CommDetails'
			TransportType=1
			IPAddress='192.168.1.2'
			ListenPort='63341'
		$end 'CommDetails'
		$begin 'Marshall'
			InstanceID=505
			ProcID=20364
			InterfaceID=2
			FactoryIntID='DesktopInterfaceForWBProxyStubFactory'
		$end 'Marshall'
	$end 'DesktopBackgroundObjStubBlock'
$end 'ConnectionParameters'
